// !$*UTF8*$!
{
	archiveVersion = 1;
	classes = {
	};
	objectVersion = 46;
	objects = {

/* Begin PBXBuildFile section */
		77440B851D1BBBE700677F3F /* GCDWebServer.m in Sources */ = {isa = PBXBuildFile; fileRef = 77440B681D1BBBE700677F3F /* GCDWebServer.m */; };
		77440B861D1BBBE700677F3F /* GCDWebServerConnection.m in Sources */ = {isa = PBXBuildFile; fileRef = 77440B6A1D1BBBE700677F3F /* GCDWebServerConnection.m */; };
		77440B871D1BBBE700677F3F /* GCDWebServerFunctions.m in Sources */ = {isa = PBXBuildFile; fileRef = 77440B6C1D1BBBE700677F3F /* GCDWebServerFunctions.m */; };
		77440B881D1BBBE700677F3F /* GCDWebServerRequest.m in Sources */ = {isa = PBXBuildFile; fileRef = 77440B701D1BBBE700677F3F /* GCDWebServerRequest.m */; };
		77440B891D1BBBE700677F3F /* GCDWebServerResponse.m in Sources */ = {isa = PBXBuildFile; fileRef = 77440B721D1BBBE700677F3F /* GCDWebServerResponse.m */; };
		77440B8A1D1BBBE700677F3F /* GCDWebServerDataRequest.m in Sources */ = {isa = PBXBuildFile; fileRef = 77440B751D1BBBE700677F3F /* GCDWebServerDataRequest.m */; };
		77440B8B1D1BBBE700677F3F /* GCDWebServerFileRequest.m in Sources */ = {isa = PBXBuildFile; fileRef = 77440B771D1BBBE700677F3F /* GCDWebServerFileRequest.m */; };
		77440B8C1D1BBBE700677F3F /* GCDWebServerMultiPartFormRequest.m in Sources */ = {isa = PBXBuildFile; fileRef = 77440B791D1BBBE700677F3F /* GCDWebServerMultiPartFormRequest.m */; };
		77440B8D1D1BBBE700677F3F /* GCDWebServerURLEncodedFormRequest.m in Sources */ = {isa = PBXBuildFile; fileRef = 77440B7B1D1BBBE700677F3F /* GCDWebServerURLEncodedFormRequest.m */; };
		77440B8E1D1BBBE700677F3F /* GCDWebServerDataResponse.m in Sources */ = {isa = PBXBuildFile; fileRef = 77440B7E1D1BBBE700677F3F /* GCDWebServerDataResponse.m */; };
		77440B8F1D1BBBE700677F3F /* GCDWebServerErrorResponse.m in Sources */ = {isa = PBXBuildFile; fileRef = 77440B801D1BBBE700677F3F /* GCDWebServerErrorResponse.m */; };
		77440B901D1BBBE700677F3F /* GCDWebServerFileResponse.m in Sources */ = {isa = PBXBuildFile; fileRef = 77440B821D1BBBE700677F3F /* GCDWebServerFileResponse.m */; };
		77440B911D1BBBE700677F3F /* GCDWebServerStreamedResponse.m in Sources */ = {isa = PBXBuildFile; fileRef = 77440B841D1BBBE700677F3F /* GCDWebServerStreamedResponse.m */; };
		77440B961D1BC22100677F3F /* libz.1.1.3.tbd in Frameworks */ = {isa = PBXBuildFile; fileRef = 77440B921D1BC22100677F3F /* libz.1.1.3.tbd */; };
		77440B971D1BC22100677F3F /* libz.1.2.5.tbd in Frameworks */ = {isa = PBXBuildFile; fileRef = 77440B931D1BC22100677F3F /* libz.1.2.5.tbd */; };
		77440B981D1BC22100677F3F /* libz.1.tbd in Frameworks */ = {isa = PBXBuildFile; fileRef = 77440B941D1BC22100677F3F /* libz.1.tbd */; };
		77440B991D1BC22100677F3F /* libz.tbd in Frameworks */ = {isa = PBXBuildFile; fileRef = 77440B951D1BC22100677F3F /* libz.tbd */; };
		77CD0F301D1B94CB00903B91 /* AppDelegate.swift in Sources */ = {isa = PBXBuildFile; fileRef = 77CD0F2F1D1B94CB00903B91 /* AppDelegate.swift */; };
		77CD0F321D1B94CB00903B91 /* ViewController.swift in Sources */ = {isa = PBXBuildFile; fileRef = 77CD0F311D1B94CB00903B91 /* ViewController.swift */; };
		77CD0F351D1B94CB00903B91 /* Main.storyboard in Resources */ = {isa = PBXBuildFile; fileRef = 77CD0F331D1B94CB00903B91 /* Main.storyboard */; };
		77CD0F381D1B94CB00903B91 /* SportChannel.xcdatamodeld in Sources */ = {isa = PBXBuildFile; fileRef = 77CD0F361D1B94CB00903B91 /* SportChannel.xcdatamodeld */; };
		77CD0F3A1D1B94CB00903B91 /* Assets.xcassets in Resources */ = {isa = PBXBuildFile; fileRef = 77CD0F391D1B94CB00903B91 /* Assets.xcassets */; };
		77CD0F3D1D1B94CB00903B91 /* LaunchScreen.storyboard in Resources */ = {isa = PBXBuildFile; fileRef = 77CD0F3B1D1B94CB00903B91 /* LaunchScreen.storyboard */; };
		77CD0F481D1B94CB00903B91 /* SportChannelTests.swift in Sources */ = {isa = PBXBuildFile; fileRef = 77CD0F471D1B94CB00903B91 /* SportChannelTests.swift */; };
		77CD0F531D1B94CB00903B91 /* SportChannelUITests.swift in Sources */ = {isa = PBXBuildFile; fileRef = 77CD0F521D1B94CB00903B91 /* SportChannelUITests.swift */; };
		77CD0F911D1BA01900903B91 /* sportchannel_web in Resources */ = {isa = PBXBuildFile; fileRef = 77CD0F901D1BA01900903B91 /* sportchannel_web */; };
/* End PBXBuildFile section */

/* Begin PBXContainerItemProxy section */
		77CD0F441D1B94CB00903B91 /* PBXContainerItemProxy */ = {
			isa = PBXContainerItemProxy;
			containerPortal = 77CD0F241D1B94CA00903B91 /* Project object */;
			proxyType = 1;
			remoteGlobalIDString = 77CD0F2B1D1B94CB00903B91;
			remoteInfo = SportChannel;
		};
		77CD0F4F1D1B94CB00903B91 /* PBXContainerItemProxy */ = {
			isa = PBXContainerItemProxy;
			containerPortal = 77CD0F241D1B94CA00903B91 /* Project object */;
			proxyType = 1;
			remoteGlobalIDString = 77CD0F2B1D1B94CB00903B91;
			remoteInfo = SportChannel;
		};
/* End PBXContainerItemProxy section */

/* Begin PBXFileReference section */
		77440B621D1BBAC400677F3F /* WebServer-Bridging-Header.h */ = {isa = PBXFileReference; lastKnownFileType = sourcecode.c.h; path = "WebServer-Bridging-Header.h"; sourceTree = "<group>"; };
		77440B671D1BBBE700677F3F /* GCDWebServer.h */ = {isa = PBXFileReference; fileEncoding = 4; lastKnownFileType = sourcecode.c.h; path = GCDWebServer.h; sourceTree = "<group>"; };
		77440B681D1BBBE700677F3F /* GCDWebServer.m */ = {isa = PBXFileReference; fileEncoding = 4; lastKnownFileType = sourcecode.c.objc; path = GCDWebServer.m; sourceTree = "<group>"; };
		77440B691D1BBBE700677F3F /* GCDWebServerConnection.h */ = {isa = PBXFileReference; fileEncoding = 4; lastKnownFileType = sourcecode.c.h; path = GCDWebServerConnection.h; sourceTree = "<group>"; };
		77440B6A1D1BBBE700677F3F /* GCDWebServerConnection.m */ = {isa = PBXFileReference; fileEncoding = 4; lastKnownFileType = sourcecode.c.objc; path = GCDWebServerConnection.m; sourceTree = "<group>"; };
		77440B6B1D1BBBE700677F3F /* GCDWebServerFunctions.h */ = {isa = PBXFileReference; fileEncoding = 4; lastKnownFileType = sourcecode.c.h; path = GCDWebServerFunctions.h; sourceTree = "<group>"; };
		77440B6C1D1BBBE700677F3F /* GCDWebServerFunctions.m */ = {isa = PBXFileReference; fileEncoding = 4; lastKnownFileType = sourcecode.c.objc; path = GCDWebServerFunctions.m; sourceTree = "<group>"; };
		77440B6D1D1BBBE700677F3F /* GCDWebServerHTTPStatusCodes.h */ = {isa = PBXFileReference; fileEncoding = 4; lastKnownFileType = sourcecode.c.h; path = GCDWebServerHTTPStatusCodes.h; sourceTree = "<group>"; };
		77440B6E1D1BBBE700677F3F /* GCDWebServerPrivate.h */ = {isa = PBXFileReference; fileEncoding = 4; lastKnownFileType = sourcecode.c.h; path = GCDWebServerPrivate.h; sourceTree = "<group>"; };
		77440B6F1D1BBBE700677F3F /* GCDWebServerRequest.h */ = {isa = PBXFileReference; fileEncoding = 4; lastKnownFileType = sourcecode.c.h; path = GCDWebServerRequest.h; sourceTree = "<group>"; };
		77440B701D1BBBE700677F3F /* GCDWebServerRequest.m */ = {isa = PBXFileReference; fileEncoding = 4; lastKnownFileType = sourcecode.c.objc; path = GCDWebServerRequest.m; sourceTree = "<group>"; };
		77440B711D1BBBE700677F3F /* GCDWebServerResponse.h */ = {isa = PBXFileReference; fileEncoding = 4; lastKnownFileType = sourcecode.c.h; path = GCDWebServerResponse.h; sourceTree = "<group>"; };
		77440B721D1BBBE700677F3F /* GCDWebServerResponse.m */ = {isa = PBXFileReference; fileEncoding = 4; lastKnownFileType = sourcecode.c.objc; path = GCDWebServerResponse.m; sourceTree = "<group>"; };
		77440B741D1BBBE700677F3F /* GCDWebServerDataRequest.h */ = {isa = PBXFileReference; fileEncoding = 4; lastKnownFileType = sourcecode.c.h; path = GCDWebServerDataRequest.h; sourceTree = "<group>"; };
		77440B751D1BBBE700677F3F /* GCDWebServerDataRequest.m */ = {isa = PBXFileReference; fileEncoding = 4; lastKnownFileType = sourcecode.c.objc; path = GCDWebServerDataRequest.m; sourceTree = "<group>"; };
		77440B761D1BBBE700677F3F /* GCDWebServerFileRequest.h */ = {isa = PBXFileReference; fileEncoding = 4; lastKnownFileType = sourcecode.c.h; path = GCDWebServerFileRequest.h; sourceTree = "<group>"; };
		77440B771D1BBBE700677F3F /* GCDWebServerFileRequest.m */ = {isa = PBXFileReference; fileEncoding = 4; lastKnownFileType = sourcecode.c.objc; path = GCDWebServerFileRequest.m; sourceTree = "<group>"; };
		77440B781D1BBBE700677F3F /* GCDWebServerMultiPartFormRequest.h */ = {isa = PBXFileReference; fileEncoding = 4; lastKnownFileType = sourcecode.c.h; path = GCDWebServerMultiPartFormRequest.h; sourceTree = "<group>"; };
		77440B791D1BBBE700677F3F /* GCDWebServerMultiPartFormRequest.m */ = {isa = PBXFileReference; fileEncoding = 4; lastKnownFileType = sourcecode.c.objc; path = GCDWebServerMultiPartFormRequest.m; sourceTree = "<group>"; };
		77440B7A1D1BBBE700677F3F /* GCDWebServerURLEncodedFormRequest.h */ = {isa = PBXFileReference; fileEncoding = 4; lastKnownFileType = sourcecode.c.h; path = GCDWebServerURLEncodedFormRequest.h; sourceTree = "<group>"; };
		77440B7B1D1BBBE700677F3F /* GCDWebServerURLEncodedFormRequest.m */ = {isa = PBXFileReference; fileEncoding = 4; lastKnownFileType = sourcecode.c.objc; path = GCDWebServerURLEncodedFormRequest.m; sourceTree = "<group>"; };
		77440B7D1D1BBBE700677F3F /* GCDWebServerDataResponse.h */ = {isa = PBXFileReference; fileEncoding = 4; lastKnownFileType = sourcecode.c.h; path = GCDWebServerDataResponse.h; sourceTree = "<group>"; };
		77440B7E1D1BBBE700677F3F /* GCDWebServerDataResponse.m */ = {isa = PBXFileReference; fileEncoding = 4; lastKnownFileType = sourcecode.c.objc; path = GCDWebServerDataResponse.m; sourceTree = "<group>"; };
		77440B7F1D1BBBE700677F3F /* GCDWebServerErrorResponse.h */ = {isa = PBXFileReference; fileEncoding = 4; lastKnownFileType = sourcecode.c.h; path = GCDWebServerErrorResponse.h; sourceTree = "<group>"; };
		77440B801D1BBBE700677F3F /* GCDWebServerErrorResponse.m */ = {isa = PBXFileReference; fileEncoding = 4; lastKnownFileType = sourcecode.c.objc; path = GCDWebServerErrorResponse.m; sourceTree = "<group>"; };
		77440B811D1BBBE700677F3F /* GCDWebServerFileResponse.h */ = {isa = PBXFileReference; fileEncoding = 4; lastKnownFileType = sourcecode.c.h; path = GCDWebServerFileResponse.h; sourceTree = "<group>"; };
		77440B821D1BBBE700677F3F /* GCDWebServerFileResponse.m */ = {isa = PBXFileReference; fileEncoding = 4; lastKnownFileType = sourcecode.c.objc; path = GCDWebServerFileResponse.m; sourceTree = "<group>"; };
		77440B831D1BBBE700677F3F /* GCDWebServerStreamedResponse.h */ = {isa = PBXFileReference; fileEncoding = 4; lastKnownFileType = sourcecode.c.h; path = GCDWebServerStreamedResponse.h; sourceTree = "<group>"; };
		77440B841D1BBBE700677F3F /* GCDWebServerStreamedResponse.m */ = {isa = PBXFileReference; fileEncoding = 4; lastKnownFileType = sourcecode.c.objc; path = GCDWebServerStreamedResponse.m; sourceTree = "<group>"; };
		77440B921D1BC22100677F3F /* libz.1.1.3.tbd */ = {isa = PBXFileReference; lastKnownFileType = "sourcecode.text-based-dylib-definition"; name = libz.1.1.3.tbd; path = usr/lib/libz.1.1.3.tbd; sourceTree = SDKROOT; };
		77440B931D1BC22100677F3F /* libz.1.2.5.tbd */ = {isa = PBXFileReference; lastKnownFileType = "sourcecode.text-based-dylib-definition"; name = libz.1.2.5.tbd; path = usr/lib/libz.1.2.5.tbd; sourceTree = SDKROOT; };
		77440B941D1BC22100677F3F /* libz.1.tbd */ = {isa = PBXFileReference; lastKnownFileType = "sourcecode.text-based-dylib-definition"; name = libz.1.tbd; path = usr/lib/libz.1.tbd; sourceTree = SDKROOT; };
		77440B951D1BC22100677F3F /* libz.tbd */ = {isa = PBXFileReference; lastKnownFileType = "sourcecode.text-based-dylib-definition"; name = libz.tbd; path = usr/lib/libz.tbd; sourceTree = SDKROOT; };
		77CD0F2C1D1B94CB00903B91 /* SportChannel.app */ = {isa = PBXFileReference; explicitFileType = wrapper.application; includeInIndex = 0; path = SportChannel.app; sourceTree = BUILT_PRODUCTS_DIR; };
		77CD0F2F1D1B94CB00903B91 /* AppDelegate.swift */ = {isa = PBXFileReference; lastKnownFileType = sourcecode.swift; path = AppDelegate.swift; sourceTree = "<group>"; };
		77CD0F311D1B94CB00903B91 /* ViewController.swift */ = {isa = PBXFileReference; lastKnownFileType = sourcecode.swift; path = ViewController.swift; sourceTree = "<group>"; };
		77CD0F341D1B94CB00903B91 /* Base */ = {isa = PBXFileReference; lastKnownFileType = file.storyboard; name = Base; path = Base.lproj/Main.storyboard; sourceTree = "<group>"; };
		77CD0F371D1B94CB00903B91 /* SportChannel.xcdatamodel */ = {isa = PBXFileReference; lastKnownFileType = wrapper.xcdatamodel; path = SportChannel.xcdatamodel; sourceTree = "<group>"; };
		77CD0F391D1B94CB00903B91 /* Assets.xcassets */ = {isa = PBXFileReference; lastKnownFileType = folder.assetcatalog; path = Assets.xcassets; sourceTree = "<group>"; };
		77CD0F3C1D1B94CB00903B91 /* Base */ = {isa = PBXFileReference; lastKnownFileType = file.storyboard; name = Base; path = Base.lproj/LaunchScreen.storyboard; sourceTree = "<group>"; };
		77CD0F3E1D1B94CB00903B91 /* Info.plist */ = {isa = PBXFileReference; lastKnownFileType = text.plist.xml; path = Info.plist; sourceTree = "<group>"; };
		77CD0F431D1B94CB00903B91 /* SportChannelTests.xctest */ = {isa = PBXFileReference; explicitFileType = wrapper.cfbundle; includeInIndex = 0; path = SportChannelTests.xctest; sourceTree = BUILT_PRODUCTS_DIR; };
		77CD0F471D1B94CB00903B91 /* SportChannelTests.swift */ = {isa = PBXFileReference; lastKnownFileType = sourcecode.swift; path = SportChannelTests.swift; sourceTree = "<group>"; };
		77CD0F491D1B94CB00903B91 /* Info.plist */ = {isa = PBXFileReference; lastKnownFileType = text.plist.xml; path = Info.plist; sourceTree = "<group>"; };
		77CD0F4E1D1B94CB00903B91 /* SportChannelUITests.xctest */ = {isa = PBXFileReference; explicitFileType = wrapper.cfbundle; includeInIndex = 0; path = SportChannelUITests.xctest; sourceTree = BUILT_PRODUCTS_DIR; };
		77CD0F521D1B94CB00903B91 /* SportChannelUITests.swift */ = {isa = PBXFileReference; lastKnownFileType = sourcecode.swift; path = SportChannelUITests.swift; sourceTree = "<group>"; };
		77CD0F541D1B94CB00903B91 /* Info.plist */ = {isa = PBXFileReference; lastKnownFileType = text.plist.xml; path = Info.plist; sourceTree = "<group>"; };
		77CD0F901D1BA01900903B91 /* sportchannel_web */ = {isa = PBXFileReference; lastKnownFileType = folder; name = sportchannel_web; path = ../../sportchannel_web; sourceTree = "<group>"; };
/* End PBXFileReference section */

/* Begin PBXFrameworksBuildPhase section */
		77CD0F291D1B94CB00903B91 /* Frameworks */ = {
			isa = PBXFrameworksBuildPhase;
			buildActionMask = 2147483647;
			files = (
				77440B961D1BC22100677F3F /* libz.1.1.3.tbd in Frameworks */,
				77440B971D1BC22100677F3F /* libz.1.2.5.tbd in Frameworks */,
				77440B981D1BC22100677F3F /* libz.1.tbd in Frameworks */,
				77440B991D1BC22100677F3F /* libz.tbd in Frameworks */,
			);
			runOnlyForDeploymentPostprocessing = 0;
		};
		77CD0F401D1B94CB00903B91 /* Frameworks */ = {
			isa = PBXFrameworksBuildPhase;
			buildActionMask = 2147483647;
			files = (
			);
			runOnlyForDeploymentPostprocessing = 0;
		};
		77CD0F4B1D1B94CB00903B91 /* Frameworks */ = {
			isa = PBXFrameworksBuildPhase;
			buildActionMask = 2147483647;
			files = (
			);
			runOnlyForDeploymentPostprocessing = 0;
		};
/* End PBXFrameworksBuildPhase section */

/* Begin PBXGroup section */
		77440B651D1BBBE700677F3F /* GCDWebServer */ = {
			isa = PBXGroup;
			children = (
				77440B661D1BBBE700677F3F /* Core */,
				77440B731D1BBBE700677F3F /* Requests */,
				77440B7C1D1BBBE700677F3F /* Responses */,
			);
			path = GCDWebServer;
			sourceTree = "<group>";
		};
		77440B661D1BBBE700677F3F /* Core */ = {
			isa = PBXGroup;
			children = (
				77440B671D1BBBE700677F3F /* GCDWebServer.h */,
				77440B681D1BBBE700677F3F /* GCDWebServer.m */,
				77440B691D1BBBE700677F3F /* GCDWebServerConnection.h */,
				77440B6A1D1BBBE700677F3F /* GCDWebServerConnection.m */,
				77440B6B1D1BBBE700677F3F /* GCDWebServerFunctions.h */,
				77440B6C1D1BBBE700677F3F /* GCDWebServerFunctions.m */,
				77440B6D1D1BBBE700677F3F /* GCDWebServerHTTPStatusCodes.h */,
				77440B6E1D1BBBE700677F3F /* GCDWebServerPrivate.h */,
				77440B6F1D1BBBE700677F3F /* GCDWebServerRequest.h */,
				77440B701D1BBBE700677F3F /* GCDWebServerRequest.m */,
				77440B711D1BBBE700677F3F /* GCDWebServerResponse.h */,
				77440B721D1BBBE700677F3F /* GCDWebServerResponse.m */,
			);
			path = Core;
			sourceTree = "<group>";
		};
		77440B731D1BBBE700677F3F /* Requests */ = {
			isa = PBXGroup;
			children = (
				77440B741D1BBBE700677F3F /* GCDWebServerDataRequest.h */,
				77440B751D1BBBE700677F3F /* GCDWebServerDataRequest.m */,
				77440B761D1BBBE700677F3F /* GCDWebServerFileRequest.h */,
				77440B771D1BBBE700677F3F /* GCDWebServerFileRequest.m */,
				77440B781D1BBBE700677F3F /* GCDWebServerMultiPartFormRequest.h */,
				77440B791D1BBBE700677F3F /* GCDWebServerMultiPartFormRequest.m */,
				77440B7A1D1BBBE700677F3F /* GCDWebServerURLEncodedFormRequest.h */,
				77440B7B1D1BBBE700677F3F /* GCDWebServerURLEncodedFormRequest.m */,
			);
			path = Requests;
			sourceTree = "<group>";
		};
		77440B7C1D1BBBE700677F3F /* Responses */ = {
			isa = PBXGroup;
			children = (
				77440B7D1D1BBBE700677F3F /* GCDWebServerDataResponse.h */,
				77440B7E1D1BBBE700677F3F /* GCDWebServerDataResponse.m */,
				77440B7F1D1BBBE700677F3F /* GCDWebServerErrorResponse.h */,
				77440B801D1BBBE700677F3F /* GCDWebServerErrorResponse.m */,
				77440B811D1BBBE700677F3F /* GCDWebServerFileResponse.h */,
				77440B821D1BBBE700677F3F /* GCDWebServerFileResponse.m */,
				77440B831D1BBBE700677F3F /* GCDWebServerStreamedResponse.h */,
				77440B841D1BBBE700677F3F /* GCDWebServerStreamedResponse.m */,
			);
			path = Responses;
			sourceTree = "<group>";
		};
		77CD0F231D1B94CA00903B91 = {
			isa = PBXGroup;
			children = (
				77440B921D1BC22100677F3F /* libz.1.1.3.tbd */,
				77440B931D1BC22100677F3F /* libz.1.2.5.tbd */,
				77440B941D1BC22100677F3F /* libz.1.tbd */,
				77440B951D1BC22100677F3F /* libz.tbd */,
				77CD0F901D1BA01900903B91 /* sportchannel_web */,
				77CD0F2E1D1B94CB00903B91 /* SportChannel */,
				77CD0F461D1B94CB00903B91 /* SportChannelTests */,
				77CD0F511D1B94CB00903B91 /* SportChannelUITests */,
				77CD0F2D1D1B94CB00903B91 /* Products */,
			);
			sourceTree = "<group>";
		};
		77CD0F2D1D1B94CB00903B91 /* Products */ = {
			isa = PBXGroup;
			children = (
				77CD0F2C1D1B94CB00903B91 /* SportChannel.app */,
				77CD0F431D1B94CB00903B91 /* SportChannelTests.xctest */,
				77CD0F4E1D1B94CB00903B91 /* SportChannelUITests.xctest */,
			);
			name = Products;
			sourceTree = "<group>";
		};
		77CD0F2E1D1B94CB00903B91 /* SportChannel */ = {
			isa = PBXGroup;
			children = (
				77440B651D1BBBE700677F3F /* GCDWebServer */,
				77440B621D1BBAC400677F3F /* WebServer-Bridging-Header.h */,
				77CD0F2F1D1B94CB00903B91 /* AppDelegate.swift */,
				77CD0F311D1B94CB00903B91 /* ViewController.swift */,
				77CD0F331D1B94CB00903B91 /* Main.storyboard */,
				77CD0F391D1B94CB00903B91 /* Assets.xcassets */,
				77CD0F3B1D1B94CB00903B91 /* LaunchScreen.storyboard */,
				77CD0F3E1D1B94CB00903B91 /* Info.plist */,
				77CD0F361D1B94CB00903B91 /* SportChannel.xcdatamodeld */,
			);
			path = SportChannel;
			sourceTree = "<group>";
		};
		77CD0F461D1B94CB00903B91 /* SportChannelTests */ = {
			isa = PBXGroup;
			children = (
				77CD0F471D1B94CB00903B91 /* SportChannelTests.swift */,
				77CD0F491D1B94CB00903B91 /* Info.plist */,
			);
			path = SportChannelTests;
			sourceTree = "<group>";
		};
		77CD0F511D1B94CB00903B91 /* SportChannelUITests */ = {
			isa = PBXGroup;
			children = (
				77CD0F521D1B94CB00903B91 /* SportChannelUITests.swift */,
				77CD0F541D1B94CB00903B91 /* Info.plist */,
			);
			path = SportChannelUITests;
			sourceTree = "<group>";
		};
/* End PBXGroup section */

/* Begin PBXNativeTarget section */
		77CD0F2B1D1B94CB00903B91 /* SportChannel */ = {
			isa = PBXNativeTarget;
			buildConfigurationList = 77CD0F571D1B94CB00903B91 /* Build configuration list for PBXNativeTarget "SportChannel" */;
			buildPhases = (
				77CD0F281D1B94CB00903B91 /* Sources */,
				77CD0F291D1B94CB00903B91 /* Frameworks */,
				77CD0F2A1D1B94CB00903B91 /* Resources */,
			);
			buildRules = (
			);
			dependencies = (
			);
			name = SportChannel;
			productName = SportChannel;
			productReference = 77CD0F2C1D1B94CB00903B91 /* SportChannel.app */;
			productType = "com.apple.product-type.application";
		};
		77CD0F421D1B94CB00903B91 /* SportChannelTests */ = {
			isa = PBXNativeTarget;
			buildConfigurationList = 77CD0F5A1D1B94CB00903B91 /* Build configuration list for PBXNativeTarget "SportChannelTests" */;
			buildPhases = (
				77CD0F3F1D1B94CB00903B91 /* Sources */,
				77CD0F401D1B94CB00903B91 /* Frameworks */,
				77CD0F411D1B94CB00903B91 /* Resources */,
			);
			buildRules = (
			);
			dependencies = (
				77CD0F451D1B94CB00903B91 /* PBXTargetDependency */,
			);
			name = SportChannelTests;
			productName = SportChannelTests;
			productReference = 77CD0F431D1B94CB00903B91 /* SportChannelTests.xctest */;
			productType = "com.apple.product-type.bundle.unit-test";
		};
		77CD0F4D1D1B94CB00903B91 /* SportChannelUITests */ = {
			isa = PBXNativeTarget;
			buildConfigurationList = 77CD0F5D1D1B94CB00903B91 /* Build configuration list for PBXNativeTarget "SportChannelUITests" */;
			buildPhases = (
				77CD0F4A1D1B94CB00903B91 /* Sources */,
				77CD0F4B1D1B94CB00903B91 /* Frameworks */,
				77CD0F4C1D1B94CB00903B91 /* Resources */,
			);
			buildRules = (
			);
			dependencies = (
				77CD0F501D1B94CB00903B91 /* PBXTargetDependency */,
			);
			name = SportChannelUITests;
			productName = SportChannelUITests;
			productReference = 77CD0F4E1D1B94CB00903B91 /* SportChannelUITests.xctest */;
			productType = "com.apple.product-type.bundle.ui-testing";
		};
/* End PBXNativeTarget section */

/* Begin PBXProject section */
		77CD0F241D1B94CA00903B91 /* Project object */ = {
			isa = PBXProject;
			attributes = {
				LastSwiftUpdateCheck = 0730;
				LastUpgradeCheck = 0730;
				ORGANIZATIONNAME = "Quang Phương";
				TargetAttributes = {
					77CD0F2B1D1B94CB00903B91 = {
						CreatedOnToolsVersion = 7.3.1;
					};
					77CD0F421D1B94CB00903B91 = {
						CreatedOnToolsVersion = 7.3.1;
						TestTargetID = 77CD0F2B1D1B94CB00903B91;
					};
					77CD0F4D1D1B94CB00903B91 = {
						CreatedOnToolsVersion = 7.3.1;
						TestTargetID = 77CD0F2B1D1B94CB00903B91;
					};
				};
			};
			buildConfigurationList = 77CD0F271D1B94CB00903B91 /* Build configuration list for PBXProject "SportChannel" */;
			compatibilityVersion = "Xcode 3.2";
			developmentRegion = English;
			hasScannedForEncodings = 0;
			knownRegions = (
				en,
				Base,
			);
			mainGroup = 77CD0F231D1B94CA00903B91;
			productRefGroup = 77CD0F2D1D1B94CB00903B91 /* Products */;
			projectDirPath = "";
			projectRoot = "";
			targets = (
				77CD0F2B1D1B94CB00903B91 /* SportChannel */,
				77CD0F421D1B94CB00903B91 /* SportChannelTests */,
				77CD0F4D1D1B94CB00903B91 /* SportChannelUITests */,
			);
		};
/* End PBXProject section */

/* Begin PBXResourcesBuildPhase section */
		77CD0F2A1D1B94CB00903B91 /* Resources */ = {
			isa = PBXResourcesBuildPhase;
			buildActionMask = 2147483647;
			files = (
				77CD0F3D1D1B94CB00903B91 /* LaunchScreen.storyboard in Resources */,
				77CD0F3A1D1B94CB00903B91 /* Assets.xcassets in Resources */,
				77CD0F911D1BA01900903B91 /* sportchannel_web in Resources */,
				77CD0F351D1B94CB00903B91 /* Main.storyboard in Resources */,
			);
			runOnlyForDeploymentPostprocessing = 0;
		};
		77CD0F411D1B94CB00903B91 /* Resources */ = {
			isa = PBXResourcesBuildPhase;
			buildActionMask = 2147483647;
			files = (
			);
			runOnlyForDeploymentPostprocessing = 0;
		};
		77CD0F4C1D1B94CB00903B91 /* Resources */ = {
			isa = PBXResourcesBuildPhase;
			buildActionMask = 2147483647;
			files = (
			);
			runOnlyForDeploymentPostprocessing = 0;
		};
/* End PBXResourcesBuildPhase section */

/* Begin PBXSourcesBuildPhase section */
		77CD0F281D1B94CB00903B91 /* Sources */ = {
			isa = PBXSourcesBuildPhase;
			buildActionMask = 2147483647;
			files = (
				77440B911D1BBBE700677F3F /* GCDWebServerStreamedResponse.m in Sources */,
				77440B8C1D1BBBE700677F3F /* GCDWebServerMultiPartFormRequest.m in Sources */,
				77440B8E1D1BBBE700677F3F /* GCDWebServerDataResponse.m in Sources */,
				77440B8F1D1BBBE700677F3F /* GCDWebServerErrorResponse.m in Sources */,
				77440B851D1BBBE700677F3F /* GCDWebServer.m in Sources */,
				77440B901D1BBBE700677F3F /* GCDWebServerFileResponse.m in Sources */,
				77CD0F321D1B94CB00903B91 /* ViewController.swift in Sources */,
				77440B871D1BBBE700677F3F /* GCDWebServerFunctions.m in Sources */,
				77440B891D1BBBE700677F3F /* GCDWebServerResponse.m in Sources */,
				77440B861D1BBBE700677F3F /* GCDWebServerConnection.m in Sources */,
				77CD0F381D1B94CB00903B91 /* SportChannel.xcdatamodeld in Sources */,
				77440B8D1D1BBBE700677F3F /* GCDWebServerURLEncodedFormRequest.m in Sources */,
				77440B8B1D1BBBE700677F3F /* GCDWebServerFileRequest.m in Sources */,
				77440B881D1BBBE700677F3F /* GCDWebServerRequest.m in Sources */,
				77CD0F301D1B94CB00903B91 /* AppDelegate.swift in Sources */,
				77440B8A1D1BBBE700677F3F /* GCDWebServerDataRequest.m in Sources */,
			);
			runOnlyForDeploymentPostprocessing = 0;
		};
		77CD0F3F1D1B94CB00903B91 /* Sources */ = {
			isa = PBXSourcesBuildPhase;
			buildActionMask = 2147483647;
			files = (
				77CD0F481D1B94CB00903B91 /* SportChannelTests.swift in Sources */,
			);
			runOnlyForDeploymentPostprocessing = 0;
		};
		77CD0F4A1D1B94CB00903B91 /* Sources */ = {
			isa = PBXSourcesBuildPhase;
			buildActionMask = 2147483647;
			files = (
				77CD0F531D1B94CB00903B91 /* SportChannelUITests.swift in Sources */,
			);
			runOnlyForDeploymentPostprocessing = 0;
		};
/* End PBXSourcesBuildPhase section */

/* Begin PBXTargetDependency section */
		77CD0F451D1B94CB00903B91 /* PBXTargetDependency */ = {
			isa = PBXTargetDependency;
			target = 77CD0F2B1D1B94CB00903B91 /* SportChannel */;
			targetProxy = 77CD0F441D1B94CB00903B91 /* PBXContainerItemProxy */;
		};
		77CD0F501D1B94CB00903B91 /* PBXTargetDependency */ = {
			isa = PBXTargetDependency;
			target = 77CD0F2B1D1B94CB00903B91 /* SportChannel */;
			targetProxy = 77CD0F4F1D1B94CB00903B91 /* PBXContainerItemProxy */;
		};
/* End PBXTargetDependency section */

/* Begin PBXVariantGroup section */
		77CD0F331D1B94CB00903B91 /* Main.storyboard */ = {
			isa = PBXVariantGroup;
			children = (
				77CD0F341D1B94CB00903B91 /* Base */,
			);
			name = Main.storyboard;
			sourceTree = "<group>";
		};
		77CD0F3B1D1B94CB00903B91 /* LaunchScreen.storyboard */ = {
			isa = PBXVariantGroup;
			children = (
				77CD0F3C1D1B94CB00903B91 /* Base */,
			);
			name = LaunchScreen.storyboard;
			sourceTree = "<group>";
		};
/* End PBXVariantGroup section */

/* Begin XCBuildConfiguration section */
		77CD0F551D1B94CB00903B91 /* Debug */ = {
			isa = XCBuildConfiguration;
			buildSettings = {
				ALWAYS_SEARCH_USER_PATHS = NO;
				CLANG_ANALYZER_NONNULL = YES;
				CLANG_CXX_LANGUAGE_STANDARD = "gnu++0x";
				CLANG_CXX_LIBRARY = "libc++";
				CLANG_ENABLE_MODULES = YES;
				CLANG_ENABLE_OBJC_ARC = YES;
				CLANG_WARN_BOOL_CONVERSION = YES;
				CLANG_WARN_CONSTANT_CONVERSION = YES;
				CLANG_WARN_DIRECT_OBJC_ISA_USAGE = YES_ERROR;
				CLANG_WARN_EMPTY_BODY = YES;
				CLANG_WARN_ENUM_CONVERSION = YES;
				CLANG_WARN_INT_CONVERSION = YES;
				CLANG_WARN_OBJC_ROOT_CLASS = YES_ERROR;
				CLANG_WARN_UNREACHABLE_CODE = YES;
				CLANG_WARN__DUPLICATE_METHOD_MATCH = YES;
				"CODE_SIGN_IDENTITY[sdk=iphoneos*]" = "iPhone Developer";
				COPY_PHASE_STRIP = NO;
				DEBUG_INFORMATION_FORMAT = dwarf;
				ENABLE_STRICT_OBJC_MSGSEND = YES;
				ENABLE_TESTABILITY = YES;
				GCC_C_LANGUAGE_STANDARD = gnu99;
				GCC_DYNAMIC_NO_PIC = NO;
				GCC_NO_COMMON_BLOCKS = YES;
				GCC_OPTIMIZATION_LEVEL = 0;
				GCC_PREPROCESSOR_DEFINITIONS = (
					"DEBUG=1",
					"$(inherited)",
				);
				GCC_WARN_64_TO_32_BIT_CONVERSION = YES;
				GCC_WARN_ABOUT_RETURN_TYPE = YES_ERROR;
				GCC_WARN_UNDECLARED_SELECTOR = YES;
				GCC_WARN_UNINITIALIZED_AUTOS = YES_AGGRESSIVE;
				GCC_WARN_UNUSED_FUNCTION = YES;
				GCC_WARN_UNUSED_VARIABLE = YES;
				IPHONEOS_DEPLOYMENT_TARGET = 9.3;
				MTL_ENABLE_DEBUG_INFO = YES;
				ONLY_ACTIVE_ARCH = YES;
				SDKROOT = iphoneos;
				SWIFT_OPTIMIZATION_LEVEL = "-Onone";
				TARGETED_DEVICE_FAMILY = "1,2";
			};
			name = Debug;
		};
		77CD0F561D1B94CB00903B91 /* Release */ = {
			isa = XCBuildConfiguration;
			buildSettings = {
				ALWAYS_SEARCH_USER_PATHS = NO;
				CLANG_ANALYZER_NONNULL = YES;
				CLANG_CXX_LANGUAGE_STANDARD = "gnu++0x";
				CLANG_CXX_LIBRARY = "libc++";
				CLANG_ENABLE_MODULES = YES;
				CLANG_ENABLE_OBJC_ARC = YES;
				CLANG_WARN_BOOL_CONVERSION = YES;
				CLANG_WARN_CONSTANT_CONVERSION = YES;
				CLANG_WARN_DIRECT_OBJC_ISA_USAGE = YES_ERROR;
				CLANG_WARN_EMPTY_BODY = YES;
				CLANG_WARN_ENUM_CONVERSION = YES;
				CLANG_WARN_INT_CONVERSION = YES;
				CLANG_WARN_OBJC_ROOT_CLASS = YES_ERROR;
				CLANG_WARN_UNREACHABLE_CODE = YES;
				CLANG_WARN__DUPLICATE_METHOD_MATCH = YES;
				"CODE_SIGN_IDENTITY[sdk=iphoneos*]" = "iPhone Developer";
				COPY_PHASE_STRIP = NO;
				DEBUG_INFORMATION_FORMAT = "dwarf-with-dsym";
				ENABLE_NS_ASSERTIONS = NO;
				ENABLE_STRICT_OBJC_MSGSEND = YES;
				GCC_C_LANGUAGE_STANDARD = gnu99;
				GCC_NO_COMMON_BLOCKS = YES;
				GCC_WARN_64_TO_32_BIT_CONVERSION = YES;
				GCC_WARN_ABOUT_RETURN_TYPE = YES_ERROR;
				GCC_WARN_UNDECLARED_SELECTOR = YES;
				GCC_WARN_UNINITIALIZED_AUTOS = YES_AGGRESSIVE;
				GCC_WARN_UNUSED_FUNCTION = YES;
				GCC_WARN_UNUSED_VARIABLE = YES;
				IPHONEOS_DEPLOYMENT_TARGET = 9.3;
				MTL_ENABLE_DEBUG_INFO = NO;
				SDKROOT = iphoneos;
				TARGETED_DEVICE_FAMILY = "1,2";
				VALIDATE_PRODUCT = YES;
			};
			name = Release;
		};
		77CD0F581D1B94CB00903B91 /* Debug */ = {
			isa = XCBuildConfiguration;
			buildSettings = {
				ASSETCATALOG_COMPILER_APPICON_NAME = AppIcon;
				HEADER_SEARCH_PATHS = "$(SDKROOT)/usr/include/libxml2";
				INFOPLIST_FILE = SportChannel/Info.plist;
				IPHONEOS_DEPLOYMENT_TARGET = 8.2;
				LD_RUNPATH_SEARCH_PATHS = "$(inherited) @executable_path/Frameworks";
				PRODUCT_BUNDLE_IDENTIFIER = com.fsoft.SportChannel;
				PRODUCT_NAME = "$(TARGET_NAME)";
				SWIFT_OBJC_BRIDGING_HEADER = "$(SRCROOT)/$(PROJECT_NAME)/WebServer-Bridging-Header.h";
				TARGETED_DEVICE_FAMILY = "1,2";
			};
			name = Debug;
		};
		77CD0F591D1B94CB00903B91 /* Release */ = {
			isa = XCBuildConfiguration;
			buildSettings = {
				ASSETCATALOG_COMPILER_APPICON_NAME = AppIcon;
				HEADER_SEARCH_PATHS = "$(SDKROOT)/usr/include/libxml2";
				INFOPLIST_FILE = SportChannel/Info.plist;
				IPHONEOS_DEPLOYMENT_TARGET = 8.2;
				LD_RUNPATH_SEARCH_PATHS = "$(inherited) @executable_path/Frameworks";
				PRODUCT_BUNDLE_IDENTIFIER = com.fsoft.SportChannel;
				PRODUCT_NAME = "$(TARGET_NAME)";
				SWIFT_OBJC_BRIDGING_HEADER = "$(SRCROOT)/$(PROJECT_NAME)/WebServer-Bridging-Header.h";
				TARGETED_DEVICE_FAMILY = "1,2";
			};
			name = Release;
		};
		77CD0F5B1D1B94CB00903B91 /* Debug */ = {
			isa = XCBuildConfiguration;
			buildSettings = {
				BUNDLE_LOADER = "$(TEST_HOST)";
				INFOPLIST_FILE = SportChannelTests/Info.plist;
				LD_RUNPATH_SEARCH_PATHS = "$(inherited) @executable_path/Frameworks @loader_path/Frameworks";
				PRODUCT_BUNDLE_IDENTIFIER = com.fsoft.SportChannelTests;
				PRODUCT_NAME = "$(TARGET_NAME)";
				TEST_HOST = "$(BUILT_PRODUCTS_DIR)/SportChannel.app/SportChannel";
			};
			name = Debug;
		};
		77CD0F5C1D1B94CB00903B91 /* Release */ = {
			isa = XCBuildConfiguration;
			buildSettings = {
				BUNDLE_LOADER = "$(TEST_HOST)";
				INFOPLIST_FILE = SportChannelTests/Info.plist;
				LD_RUNPATH_SEARCH_PATHS = "$(inherited) @executable_path/Frameworks @loader_path/Frameworks";
				PRODUCT_BUNDLE_IDENTIFIER = com.fsoft.SportChannelTests;
				PRODUCT_NAME = "$(TARGET_NAME)";
				TEST_HOST = "$(BUILT_PRODUCTS_DIR)/SportChannel.app/SportChannel";
			};
			name = Release;
		};
		77CD0F5E1D1B94CB00903B91 /* Debug */ = {
			isa = XCBuildConfiguration;
			buildSettings = {
				INFOPLIST_FILE = SportChannelUITests/Info.plist;
				LD_RUNPATH_SEARCH_PATHS = "$(inherited) @executable_path/Frameworks @loader_path/Frameworks";
				PRODUCT_BUNDLE_IDENTIFIER = com.fsoft.SportChannelUITests;
				PRODUCT_NAME = "$(TARGET_NAME)";
				TEST_TARGET_NAME = SportChannel;
			};
			name = Debug;
		};
		77CD0F5F1D1B94CB00903B91 /* Release */ = {
			isa = XCBuildConfiguration;
			buildSettings = {
				INFOPLIST_FILE = SportChannelUITests/Info.plist;
				LD_RUNPATH_SEARCH_PATHS = "$(inherited) @executable_path/Frameworks @loader_path/Frameworks";
				PRODUCT_BUNDLE_IDENTIFIER = com.fsoft.SportChannelUITests;
				PRODUCT_NAME = "$(TARGET_NAME)";
				TEST_TARGET_NAME = SportChannel;
			};
			name = Release;
		};
/* End XCBuildConfiguration section */

/* Begin XCConfigurationList section */
		77CD0F271D1B94CB00903B91 /* Build configuration list for PBXProject "SportChannel" */ = {
			isa = XCConfigurationList;
			buildConfigurations = (
				77CD0F551D1B94CB00903B91 /* Debug */,
				77CD0F561D1B94CB00903B91 /* Release */,
			);
			defaultConfigurationIsVisible = 0;
			defaultConfigurationName = Release;
		};
		77CD0F571D1B94CB00903B91 /* Build configuration list for PBXNativeTarget "SportChannel" */ = {
			isa = XCConfigurationList;
			buildConfigurations = (
				77CD0F581D1B94CB00903B91 /* Debug */,
				77CD0F591D1B94CB00903B91 /* Release */,
			);
			defaultConfigurationIsVisible = 0;
			defaultConfigurationName = Release;
		};
		77CD0F5A1D1B94CB00903B91 /* Build configuration list for PBXNativeTarget "SportChannelTests" */ = {
			isa = XCConfigurationList;
			buildConfigurations = (
				77CD0F5B1D1B94CB00903B91 /* Debug */,
				77CD0F5C1D1B94CB00903B91 /* Release */,
			);
			defaultConfigurationIsVisible = 0;
			defaultConfigurationName = Release;
		};
		77CD0F5D1D1B94CB00903B91 /* Build configuration list for PBXNativeTarget "SportChannelUITests" */ = {
			isa = XCConfigurationList;
			buildConfigurations = (
				77CD0F5E1D1B94CB00903B91 /* Debug */,
				77CD0F5F1D1B94CB00903B91 /* Release */,
			);
			defaultConfigurationIsVisible = 0;
			defaultConfigurationName = Release;
		};
/* End XCConfigurationList section */

/* Begin XCVersionGroup section */
		77CD0F361D1B94CB00903B91 /* SportChannel.xcdatamodeld */ = {
			isa = XCVersionGroup;
			children = (
				77CD0F371D1B94CB00903B91 /* SportChannel.xcdatamodel */,
			);
			currentVersion = 77CD0F371D1B94CB00903B91 /* SportChannel.xcdatamodel */;
			path = SportChannel.xcdatamodeld;
			sourceTree = "<group>";
			versionGroupType = wrapper.xcdatamodel;
		};
/* End XCVersionGroup section */
	};
	rootObject = 77CD0F241D1B94CA00903B91 /* Project object */;
}
